
Microsoft Visual Studio Solution File, Format Version 12.00
# Visual Studio Version 16
VisualStudioVersion = 16.0.29519.87
MinimumVisualStudioVersion = 10.0.40219.1
Project("{FAE04EC0-301F-11D3-BF4B-00C04F79EFBC}") = "ImageTransformer", "ImageTransformer\ImageTransformer.csproj", "{DE608F63-C04B-44A7-9E06-9DE1E07E1F4E}"
EndProject
Project("{FAE04EC0-301F-11D3-BF4B-00C04F79EFBC}") = "TestImageTransformer", "TestImageTransformer\TestImageTransformer.csproj", "{539620F4-818A-4A24-A979-6554C720A5CC}"
EndProject
Global
	GlobalSection(SolutionConfigurationPlatforms) = preSolution
		Debug|Any CPU = Debug|Any CPU
		Release|Any CPU = Release|Any CPU
	EndGlobalSection
	GlobalSection(ProjectConfigurationPlatforms) = postSolution
		{DE608F63-C04B-44A7-9E06-9DE1E07E1F4E}.Debug|Any CPU.ActiveCfg = Debug|Any CPU
		{DE608F63-C04B-44A7-9E06-9DE1E07E1F4E}.Debug|Any CPU.Build.0 = Debug|Any CPU
		{DE608F63-C04B-44A7-9E06-9DE1E07E1F4E}.Release|Any CPU.ActiveCfg = Release|Any CPU
		{DE608F63-C04B-44A7-9E06-9DE1E07E1F4E}.Release|Any CPU.Build.0 = Release|Any CPU
		{539620F4-818A-4A24-A979-6554C720A5CC}.Debug|Any CPU.ActiveCfg = Debug|Any CPU
		{539620F4-818A-4A24-A979-6554C720A5CC}.Debug|Any CPU.Build.0 = Debug|Any CPU
		{539620F4-818A-4A24-A979-6554C720A5CC}.Release|Any CPU.ActiveCfg = Release|Any CPU
		{539620F4-818A-4A24-A979-6554C720A5CC}.Release|Any CPU.Build.0 = Release|Any CPU
	EndGlobalSection
	GlobalSection(SolutionProperties) = preSolution
		HideSolutionNode = FALSE
	EndGlobalSection
	GlobalSection(ExtensibilityGlobals) = postSolution
		SolutionGuid = {D07A9E08-9D04-409F-BEC9-05C07C8DCC9A}
	EndGlobalSection
EndGlobal
